
Microsoft Visual Studio Solution File, Format Version 12.00
# Visual Studio 15
Project("{FAE04EC0-301F-11D3-BF4B-00C04F79EFBC}") = "PhotonUnityNetworking.Demos", "PhotonUnityNetworking.Demos.csproj", "{FD9C4663-3534-6F4E-86C0-ADF65F05FF16}"
EndProject
Project("{FAE04EC0-301F-11D3-BF4B-00C04F79EFBC}") = "PhotonUnityNetworking.Utilities", "PhotonUnityNetworking.Utilities.csproj", "{19E8EC0C-A2C5-E2DA-7016-4FD8B6A5827B}"
EndProject
Project("{FAE04EC0-301F-11D3-BF4B-00C04F79EFBC}") = "Assembly-CSharp", "Assembly-CSharp.csproj", "{81ECBBFD-0A45-7ED5-9818-6362FB3597BD}"
EndProject
Project("{FAE04EC0-301F-11D3-BF4B-00C04F79EFBC}") = "PhotonChat", "PhotonChat.csproj", "{A4D78778-C036-A6F8-CFF6-20ED21FF04AF}"
EndProject
Project("{FAE04EC0-301F-11D3-BF4B-00C04F79EFBC}") = "PhotonUnityNetworking", "PhotonUnityNetworking.csproj", "{7E2A928E-FA9D-4108-5977-DCB0C2B49C45}"
EndProject
Project("{FAE04EC0-301F-11D3-BF4B-00C04F79EFBC}") = "PhotonRealtime", "PhotonRealtime.csproj", "{3C24BBAF-1E3F-0A0C-FE14-0B465EF5B29D}"
EndProject
Project("{FAE04EC0-301F-11D3-BF4B-00C04F79EFBC}") = "PhotonWebSocket", "PhotonWebSocket.csproj", "{18DC02D0-9A7C-5C20-23D8-AC5252751292}"
EndProject
Project("{FAE04EC0-301F-11D3-BF4B-00C04F79EFBC}") = "PhotonUnityNetworking.Editor", "PhotonUnityNetworking.Editor.csproj", "{9801F35A-5496-DC34-8FCB-B088A51D89F8}"
EndProject
Project("{FAE04EC0-301F-11D3-BF4B-00C04F79EFBC}") = "PunDemos.DemoHubEditor", "PunDemos.DemoHubEditor.csproj", "{92B58A48-64EF-AC3E-8C8F-D83B2278F5D9}"
EndProject
Project("{FAE04EC0-301F-11D3-BF4B-00C04F79EFBC}") = "PhotonUnityNetworking.Utilities.PhotonPlayer.Editor", "PhotonUnityNetworking.Utilities.PhotonPlayer.Editor.csproj", "{2D28A0B5-B1B0-0CAA-5790-7C9AEA0DFEA8}"
EndProject
Project("{FAE04EC0-301F-11D3-BF4B-00C04F79EFBC}") = "PhotonUnityNetworking.Utilities.Culling.Editor", "PhotonUnityNetworking.Utilities.Culling.Editor.csproj", "{196F5EED-9188-C6D2-D794-789CEE214AE2}"
EndProject
Project("{FAE04EC0-301F-11D3-BF4B-00C04F79EFBC}") = "PunDemos.DemoSlotcarEditor", "PunDemos.DemoSlotcarEditor.csproj", "{8E90733F-CEB0-09BA-5A16-64D0C9B71285}"
EndProject
Global
	GlobalSection(SolutionConfigurationPlatforms) = preSolution
		Debug|Any CPU = Debug|Any CPU
		Release|Any CPU = Release|Any CPU
	EndGlobalSection
	GlobalSection(ProjectConfigurationPlatforms) = postSolution
		{FD9C4663-3534-6F4E-86C0-ADF65F05FF16}.Debug|Any CPU.ActiveCfg = Debug|Any CPU
		{FD9C4663-3534-6F4E-86C0-ADF65F05FF16}.Debug|Any CPU.Build.0 = Debug|Any CPU
		{FD9C4663-3534-6F4E-86C0-ADF65F05FF16}.Release|Any CPU.ActiveCfg = Release|Any CPU
		{FD9C4663-3534-6F4E-86C0-ADF65F05FF16}.Release|Any CPU.Build.0 = Release|Any CPU
		{19E8EC0C-A2C5-E2DA-7016-4FD8B6A5827B}.Debug|Any CPU.ActiveCfg = Debug|Any CPU
		{19E8EC0C-A2C5-E2DA-7016-4FD8B6A5827B}.Debug|Any CPU.Build.0 = Debug|Any CPU
		{19E8EC0C-A2C5-E2DA-7016-4FD8B6A5827B}.Release|Any CPU.ActiveCfg = Release|Any CPU
		{19E8EC0C-A2C5-E2DA-7016-4FD8B6A5827B}.Release|Any CPU.Build.0 = Release|Any CPU
		{81ECBBFD-0A45-7ED5-9818-6362FB3597BD}.Debug|Any CPU.ActiveCfg = Debug|Any CPU
		{81ECBBFD-0A45-7ED5-9818-6362FB3597BD}.Debug|Any CPU.Build.0 = Debug|Any CPU
		{81ECBBFD-0A45-7ED5-9818-6362FB3597BD}.Release|Any CPU.ActiveCfg = Release|Any CPU
		{81ECBBFD-0A45-7ED5-9818-6362FB3597BD}.Release|Any CPU.Build.0 = Release|Any CPU
		{A4D78778-C036-A6F8-CFF6-20ED21FF04AF}.Debug|Any CPU.ActiveCfg = Debug|Any CPU
		{A4D78778-C036-A6F8-CFF6-20ED21FF04AF}.Debug|Any CPU.Build.0 = Debug|Any CPU
		{A4D78778-C036-A6F8-CFF6-20ED21FF04AF}.Release|Any CPU.ActiveCfg = Release|Any CPU
		{A4D78778-C036-A6F8-CFF6-20ED21FF04AF}.Release|Any CPU.Build.0 = Release|Any CPU
		{7E2A928E-FA9D-4108-5977-DCB0C2B49C45}.Debug|Any CPU.ActiveCfg = Debug|Any CPU
		{7E2A928E-FA9D-4108-5977-DCB0C2B49C45}.Debug|Any CPU.Build.0 = Debug|Any CPU
		{7E2A928E-FA9D-4108-5977-DCB0C2B49C45}.Release|Any CPU.ActiveCfg = Release|Any CPU
		{7E2A928E-FA9D-4108-5977-DCB0C2B49C45}.Release|Any CPU.Build.0 = Release|Any CPU
		{3C24BBAF-1E3F-0A0C-FE14-0B465EF5B29D}.Debug|Any CPU.ActiveCfg = Debug|Any CPU
		{3C24BBAF-1E3F-0A0C-FE14-0B465EF5B29D}.Debug|Any CPU.Build.0 = Debug|Any CPU
		{3C24BBAF-1E3F-0A0C-FE14-0B465EF5B29D}.Release|Any CPU.ActiveCfg = Release|Any CPU
		{3C24BBAF-1E3F-0A0C-FE14-0B465EF5B29D}.Release|Any CPU.Build.0 = Release|Any CPU
		{18DC02D0-9A7C-5C20-23D8-AC5252751292}.Debug|Any CPU.ActiveCfg = Debug|Any CPU
		{18DC02D0-9A7C-5C20-23D8-AC5252751292}.Debug|Any CPU.Build.0 = Debug|Any CPU
		{18DC02D0-9A7C-5C20-23D8-AC5252751292}.Release|Any CPU.ActiveCfg = Release|Any CPU
		{18DC02D0-9A7C-5C20-23D8-AC5252751292}.Release|Any CPU.Build.0 = Release|Any CPU
		{9801F35A-5496-DC34-8FCB-B088A51D89F8}.Debug|Any CPU.ActiveCfg = Debug|Any CPU
		{9801F35A-5496-DC34-8FCB-B088A51D89F8}.Debug|Any CPU.Build.0 = Debug|Any CPU
		{9801F35A-5496-DC34-8FCB-B088A51D89F8}.Release|Any CPU.ActiveCfg = Release|Any CPU
		{9801F35A-5496-DC34-8FCB-B088A51D89F8}.Release|Any CPU.Build.0 = Release|Any CPU
		{92B58A48-64EF-AC3E-8C8F-D83B2278F5D9}.Debug|Any CPU.ActiveCfg = Debug|Any CPU
		{92B58A48-64EF-AC3E-8C8F-D83B2278F5D9}.Debug|Any CPU.Build.0 = Debug|Any CPU
		{92B58A48-64EF-AC3E-8C8F-D83B2278F5D9}.Release|Any CPU.ActiveCfg = Release|Any CPU
		{92B58A48-64EF-AC3E-8C8F-D83B2278F5D9}.Release|Any CPU.Build.0 = Release|Any CPU
		{2D28A0B5-B1B0-0CAA-5790-7C9AEA0DFEA8}.Debug|Any CPU.ActiveCfg = Debug|Any CPU
		{2D28A0B5-B1B0-0CAA-5790-7C9AEA0DFEA8}.Debug|Any CPU.Build.0 = Debug|Any CPU
		{2D28A0B5-B1B0-0CAA-5790-7C9AEA0DFEA8}.Release|Any CPU.ActiveCfg = Release|Any CPU
		{2D28A0B5-B1B0-0CAA-5790-7C9AEA0DFEA8}.Release|Any CPU.Build.0 = Release|Any CPU
		{196F5EED-9188-C6D2-D794-789CEE214AE2}.Debug|Any CPU.ActiveCfg = Debug|Any CPU
		{196F5EED-9188-C6D2-D794-789CEE214AE2}.Debug|Any CPU.Build.0 = Debug|Any CPU
		{196F5EED-9188-C6D2-D794-789CEE214AE2}.Release|Any CPU.ActiveCfg = Release|Any CPU
		{196F5EED-9188-C6D2-D794-789CEE214AE2}.Release|Any CPU.Build.0 = Release|Any CPU
		{8E90733F-CEB0-09BA-5A16-64D0C9B71285}.Debug|Any CPU.ActiveCfg = Debug|Any CPU
		{8E90733F-CEB0-09BA-5A16-64D0C9B71285}.Debug|Any CPU.Build.0 = Debug|Any CPU
		{8E90733F-CEB0-09BA-5A16-64D0C9B71285}.Release|Any CPU.ActiveCfg = Release|Any CPU
		{8E90733F-CEB0-09BA-5A16-64D0C9B71285}.Release|Any CPU.Build.0 = Release|Any CPU
	EndGlobalSection
	GlobalSection(SolutionProperties) = preSolution
		HideSolutionNode = FALSE
	EndGlobalSection
	GlobalSection(MonoDevelopProperties) = preSolution
		StartupItem = Assembly-CSharp.csproj
	EndGlobalSection
EndGlobal
